
Microsoft Visual Studio Solution File, Format Version 12.00
# Visual Studio Version 17
VisualStudioVersion = 17.4.33213.308
MinimumVisualStudioVersion = 10.0.40219.1
Project("{FAE04EC0-301F-11D3-BF4B-00C04F79EFBC}") = "link6-server", "link6-server\link6-server.csproj", "{15BDBA9B-35D6-4671-98CA-F6C734C0E7A2}"
EndProject
Global
	GlobalSection(SolutionConfigurationPlatforms) = preSolution
		Debug|Any CPU = Debug|Any CPU
		Release|Any CPU = Release|Any CPU
	EndGlobalSection
	GlobalSection(ProjectConfigurationPlatforms) = postSolution
		{15BDBA9B-35D6-4671-98CA-F6C734C0E7A2}.Debug|Any CPU.ActiveCfg = Debug|Any CPU
		{15BDBA9B-35D6-4671-98CA-F6C734C0E7A2}.Debug|Any CPU.Build.0 = Debug|Any CPU
		{15BDBA9B-35D6-4671-98CA-F6C734C0E7A2}.Release|Any CPU.ActiveCfg = Release|Any CPU
		{15BDBA9B-35D6-4671-98CA-F6C734C0E7A2}.Release|Any CPU.Build.0 = Release|Any CPU
	EndGlobalSection
	GlobalSection(SolutionProperties) = preSolution
		HideSolutionNode = FALSE
	EndGlobalSection
	GlobalSection(ExtensibilityGlobals) = postSolution
		SolutionGuid = {6DC25FD8-7DFE-4CDB-B287-A258030893D3}
	EndGlobalSection
EndGlobal
